
Microsoft Visual Studio Solution File, Format Version 12.00
# Visual Studio 2012
Project("{FAE04EC0-301F-11D3-BF4B-00C04F79EFBC}") = "Ex1", "Ex1\Ex1.csproj", "{C3E56A44-9240-4AF0-A02E-F5BA290EB335}"
EndProject
Global
	GlobalSection(SolutionConfigurationPlatforms) = preSolution
		Debug|Any CPU = Debug|Any CPU
		Release|Any CPU = Release|Any CPU
	EndGlobalSection
	GlobalSection(ProjectConfigurationPlatforms) = postSolution
		{C3E56A44-9240-4AF0-A02E-F5BA290EB335}.Debug|Any CPU.ActiveCfg = Debug|Any CPU
		{C3E56A44-9240-4AF0-A02E-F5BA290EB335}.Debug|Any CPU.Build.0 = Debug|Any CPU
		{C3E56A44-9240-4AF0-A02E-F5BA290EB335}.Release|Any CPU.ActiveCfg = Release|Any CPU
		{C3E56A44-9240-4AF0-A02E-F5BA290EB335}.Release|Any CPU.Build.0 = Release|Any CPU
	EndGlobalSection
	GlobalSection(SolutionProperties) = preSolution
		HideSolutionNode = FALSE
	EndGlobalSection
EndGlobal
